
Microsoft Visual Studio Solution File, Format Version 12.00
# Visual Studio Version 16
VisualStudioVersion = 16.0.29806.167
MinimumVisualStudioVersion = 10.0.40219.1
Project("{FAE04EC0-301F-11D3-BF4B-00C04F79EFBC}") = "Xadrez-Console", "Xadrez-Console.csproj", "{B8F23D5B-72A8-4C53-B8DE-24BF31D13ED4}"
EndProject
Global
	GlobalSection(SolutionConfigurationPlatforms) = preSolution
		Debug|Any CPU = Debug|Any CPU
		Release|Any CPU = Release|Any CPU
	EndGlobalSection
	GlobalSection(ProjectConfigurationPlatforms) = postSolution
		{B8F23D5B-72A8-4C53-B8DE-24BF31D13ED4}.Debug|Any CPU.ActiveCfg = Debug|Any CPU
		{B8F23D5B-72A8-4C53-B8DE-24BF31D13ED4}.Debug|Any CPU.Build.0 = Debug|Any CPU
		{B8F23D5B-72A8-4C53-B8DE-24BF31D13ED4}.Release|Any CPU.ActiveCfg = Release|Any CPU
		{B8F23D5B-72A8-4C53-B8DE-24BF31D13ED4}.Release|Any CPU.Build.0 = Release|Any CPU
	EndGlobalSection
	GlobalSection(SolutionProperties) = preSolution
		HideSolutionNode = FALSE
	EndGlobalSection
	GlobalSection(ExtensibilityGlobals) = postSolution
		SolutionGuid = {CCF3F055-30AC-4809-AC54-A4880A043FEE}
	EndGlobalSection
EndGlobal
